
Microsoft Visual Studio Solution File, Format Version 11.00
# Visual Studio 2010
Project("{FAE04EC0-301F-11D3-BF4B-00C04F79EFBC}") = "ACTIVA_Module_1", "ACTIVA_Module_1\ACTIVA_Module_1.csproj", "{B50A25EB-29DA-4E64-981D-E3020D470747}"
	ProjectSection(ProjectDependencies) = postProject
		{D812CF96-DDAD-4A48-9839-C06242755702} = {D812CF96-DDAD-4A48-9839-C06242755702}
	EndProjectSection
EndProject
Project("{54435603-DBB4-11D2-8724-00A0C9A8B90C}") = "ACTIVA_Install", "ACTIVA_Install\ACTIVA_Install.vdproj", "{C885EE9E-1161-4267-AF0D-F0C88F848E2D}"
	ProjectSection(ProjectDependencies) = postProject
		{D812CF96-DDAD-4A48-9839-C06242755702} = {D812CF96-DDAD-4A48-9839-C06242755702}
	EndProjectSection
EndProject
Project("{FAE04EC0-301F-11D3-BF4B-00C04F79EFBC}") = "ActivCAD", "ActivCAD\ActivCAD.csproj", "{D812CF96-DDAD-4A48-9839-C06242755702}"
EndProject
Global
	GlobalSection(SolutionConfigurationPlatforms) = preSolution
		Debug|Any CPU = Debug|Any CPU
		Release|Any CPU = Release|Any CPU
	EndGlobalSection
	GlobalSection(ProjectConfigurationPlatforms) = postSolution
		{B50A25EB-29DA-4E64-981D-E3020D470747}.Debug|Any CPU.ActiveCfg = Debug|Any CPU
		{B50A25EB-29DA-4E64-981D-E3020D470747}.Debug|Any CPU.Build.0 = Debug|Any CPU
		{B50A25EB-29DA-4E64-981D-E3020D470747}.Release|Any CPU.ActiveCfg = Release|Any CPU
		{B50A25EB-29DA-4E64-981D-E3020D470747}.Release|Any CPU.Build.0 = Release|Any CPU
		{C885EE9E-1161-4267-AF0D-F0C88F848E2D}.Debug|Any CPU.ActiveCfg = Debug
		{C885EE9E-1161-4267-AF0D-F0C88F848E2D}.Release|Any CPU.ActiveCfg = Release
		{C885EE9E-1161-4267-AF0D-F0C88F848E2D}.Release|Any CPU.Build.0 = Release
		{D812CF96-DDAD-4A48-9839-C06242755702}.Debug|Any CPU.ActiveCfg = Debug|Any CPU
		{D812CF96-DDAD-4A48-9839-C06242755702}.Debug|Any CPU.Build.0 = Debug|Any CPU
		{D812CF96-DDAD-4A48-9839-C06242755702}.Release|Any CPU.ActiveCfg = Release|Any CPU
		{D812CF96-DDAD-4A48-9839-C06242755702}.Release|Any CPU.Build.0 = Release|Any CPU
	EndGlobalSection
	GlobalSection(SolutionProperties) = preSolution
		HideSolutionNode = FALSE
	EndGlobalSection
EndGlobal
